
Microsoft Visual Studio Solution File, Format Version 12.00
# Visual Studio Version 17
VisualStudioVersion = 17.9.34728.123
MinimumVisualStudioVersion = 10.0.40219.1
Project("{FAE04EC0-301F-11D3-BF4B-00C04F79EFBC}") = "IntegrationDocumentApi", "IntegrationDocumentApi.csproj", "{6EFE6774-3A2E-4F17-82D8-89887CC9DF0D}"
EndProject
Global
	GlobalSection(SolutionConfigurationPlatforms) = preSolution
		Debug|Any CPU = Debug|Any CPU
		Release|Any CPU = Release|Any CPU
	EndGlobalSection
	GlobalSection(ProjectConfigurationPlatforms) = postSolution
		{6EFE6774-3A2E-4F17-82D8-89887CC9DF0D}.Debug|Any CPU.ActiveCfg = Debug|Any CPU
		{6EFE6774-3A2E-4F17-82D8-89887CC9DF0D}.Debug|Any CPU.Build.0 = Debug|Any CPU
		{6EFE6774-3A2E-4F17-82D8-89887CC9DF0D}.Release|Any CPU.ActiveCfg = Release|Any CPU
		{6EFE6774-3A2E-4F17-82D8-89887CC9DF0D}.Release|Any CPU.Build.0 = Release|Any CPU
	EndGlobalSection
	GlobalSection(SolutionProperties) = preSolution
		HideSolutionNode = FALSE
	EndGlobalSection
	GlobalSection(ExtensibilityGlobals) = postSolution
		SolutionGuid = {EE33E271-5583-42C6-B071-14534E02DBCE}
	EndGlobalSection
EndGlobal
